{
  "name": "CtrlShift",
  "lockfileVersion": 2,
  "requires": true,
  "packages": {
    "": {
      "dependencies": {
        "@mui/x-date-pickers": "^6.0.3",
        "chance": "^1.1.11",
        "jwt-decode": "^3.1.2",
        "prop-types": "^15.8.1"
      }
    },
    "node_modules/@babel/runtime": {
      "version": "7.21.0",
      "resolved": "https://registry.npmjs.org/@babel/runtime/-/runtime-7.21.0.tgz",
      "integrity": "sha512-xwII0//EObnq89Ji5AKYQaRYiW/nZ3llSv29d49IuxPhKbtJoLP+9QUUZ4nVragQVtaVGeZrpB+ZtG/Pdy/POw==",
      "dependencies": {
        "regenerator-runtime": "^0.13.11"
      },
      "engines": {
        "node": ">=6.9.0"
      }
    },
    "node_modules/@date-io/core": {
      "version": "2.16.0",
      "resolved": "https://registry.npmjs.org/@date-io/core/-/core-2.16.0.tgz",
      "integrity": "sha512-DYmSzkr+jToahwWrsiRA2/pzMEtz9Bq1euJwoOuYwuwIYXnZFtHajY2E6a1VNVDc9jP8YUXK1BvnZH9mmT19Zg=="
    },
    "node_modules/@date-io/date-fns": {
      "version": "2.16.0",
      "resolved": "https://registry.npmjs.org/@date-io/date-fns/-/date-fns-2.16.0.tgz",
      "integrity": "sha512-bfm5FJjucqlrnQcXDVU5RD+nlGmL3iWgkHTq3uAZWVIuBu6dDmGa3m8a6zo2VQQpu8ambq9H22UyUpn7590joA==",
      "dependencies": {
        "@date-io/core": "^2.16.0"
      },
      "peerDependencies": {
        "date-fns": "^2.0.0"
      },
      "peerDependenciesMeta": {
        "date-fns": {
          "optional": true
        }
      }
    },
    "node_modules/@date-io/date-fns-jalali": {
      "version": "2.16.0",
      "resolved": "https://registry.npmjs.org/@date-io/date-fns-jalali/-/date-fns-jalali-2.16.0.tgz",
      "integrity": "sha512-MNVvGYwRiBydbvY7gvZM14W2kosIG29G1Ekw5qmYWOXkIIFngh6ZvV7/uVGDCW+gqlIeSz/XitZXA9n8RO0tJw==",
      "dependencies": {
        "@date-io/core": "^2.16.0"
      },
      "peerDependencies": {
        "date-fns-jalali": "^2.13.0-0"
      },
      "peerDependenciesMeta": {
        "date-fns-jalali": {
          "optional": true
        }
      }
    },
    "node_modules/@date-io/dayjs": {
      "version": "2.16.0",
      "resolved": "https://registry.npmjs.org/@date-io/dayjs/-/dayjs-2.16.0.tgz",
      "integrity": "sha512-y5qKyX2j/HG3zMvIxTobYZRGnd1FUW2olZLS0vTj7bEkBQkjd2RO7/FEwDY03Z1geVGlXKnzIATEVBVaGzV4Iw==",
      "dependencies": {
        "@date-io/core": "^2.16.0"
      },
      "peerDependencies": {
        "dayjs": "^1.8.17"
      },
      "peerDependenciesMeta": {
        "dayjs": {
          "optional": true
        }
      }
    },
    "node_modules/@date-io/hijri": {
      "version": "2.16.1",
      "resolved": "https://registry.npmjs.org/@date-io/hijri/-/hijri-2.16.1.tgz",
      "integrity": "sha512-6BxY0mtnqj5cBiXluRs3uWN0mSJwGw0AB2ZxqtEHvBFoiSYEojW51AETnfPIWpdvDsBn+WAC7QrfBvQZnoyIkQ==",
      "dependencies": {
        "@date-io/moment": "^2.16.1"
      },
      "peerDependencies": {
        "moment-hijri": "^2.1.2"
      },
      "peerDependenciesMeta": {
        "moment-hijri": {
          "optional": true
        }
      }
    },
    "node_modules/@date-io/jalaali": {
      "version": "2.16.1",
      "resolved": "https://registry.npmjs.org/@date-io/jalaali/-/jalaali-2.16.1.tgz",
      "integrity": "sha512-GLw87G/WJ1DNrQHW8p/LqkqAqTUSqBSRin0H1pRPwCccB5Fh7GT64sadjzEvjW56lPJ0aq2vp5yI2eIjZajfrw==",
      "dependencies": {
        "@date-io/moment": "^2.16.1"
      },
      "peerDependencies": {
        "moment-jalaali": "^0.7.4 || ^0.8.0 || ^0.9.0"
      },
      "peerDependenciesMeta": {
        "moment-jalaali": {
          "optional": true
        }
      }
    },
    "node_modules/@date-io/luxon": {
      "version": "2.16.1",
      "resolved": "https://registry.npmjs.org/@date-io/luxon/-/luxon-2.16.1.tgz",
      "integrity": "sha512-aeYp5K9PSHV28946pC+9UKUi/xMMYoaGelrpDibZSgHu2VWHXrr7zWLEr+pMPThSs5vt8Ei365PO+84pCm37WQ==",
      "dependencies": {
        "@date-io/core": "^2.16.0"
      },
      "peerDependencies": {
        "luxon": "^1.21.3 || ^2.x || ^3.x"
      },
      "peerDependenciesMeta": {
        "luxon": {
          "optional": true
        }
      }
    },
    "node_modules/@date-io/moment": {
      "version": "2.16.1",
      "resolved": "https://registry.npmjs.org/@date-io/moment/-/moment-2.16.1.tgz",
      "integrity": "sha512-JkxldQxUqZBfZtsaCcCMkm/dmytdyq5pS1RxshCQ4fHhsvP5A7gSqPD22QbVXMcJydi3d3v1Y8BQdUKEuGACZQ==",
      "dependencies": {
        "@date-io/core": "^2.16.0"
      },
      "peerDependencies": {
        "moment": "^2.24.0"
      },
      "peerDependenciesMeta": {
        "moment": {
          "optional": true
        }
      }
    },
    "node_modules/@mui/utils": {
      "version": "5.11.13",
      "resolved": "https://registry.npmjs.org/@mui/utils/-/utils-5.11.13.tgz",
      "integrity": "sha512-5ltA58MM9euOuUcnvwFJqpLdEugc9XFsRR8Gt4zZNb31XzMfSKJPR4eumulyhsOTK1rWf7K4D63NKFPfX0AxqA==",
      "dependencies": {
        "@babel/runtime": "^7.21.0",
        "@types/prop-types": "^15.7.5",
        "@types/react-is": "^16.7.1 || ^17.0.0",
        "prop-types": "^15.8.1",
        "react-is": "^18.2.0"
      },
      "engines": {
        "node": ">=12.0.0"
      },
      "funding": {
        "type": "opencollective",
        "url": "https://opencollective.com/mui"
      },
      "peerDependencies": {
        "react": "^17.0.0 || ^18.0.0"
      }
    },
    "node_modules/@mui/utils/node_modules/react-is": {
      "version": "18.2.0",
      "resolved": "https://registry.npmjs.org/react-is/-/react-is-18.2.0.tgz",
      "integrity": "sha512-xWGDIW6x921xtzPkhiULtthJHoJvBbF3q26fzloPCK0hsvxtPVelvftw3zjbHWSkR2km9Z+4uxbDDK/6Zw9B8w=="
    },
    "node_modules/@mui/x-date-pickers": {
      "version": "6.0.3",
      "resolved": "https://registry.npmjs.org/@mui/x-date-pickers/-/x-date-pickers-6.0.3.tgz",
      "integrity": "sha512-TgKfWf47WiNzSAY3C8R+FQ2grtVveoS3WCtLf6E1I/O2adxruxXA+AFiIRVnfv8QX9QFLNayTKoaVUISg/PcXQ==",
      "dependencies": {
        "@babel/runtime": "^7.21.0",
        "@date-io/core": "^2.16.0",
        "@date-io/date-fns": "^2.16.0",
        "@date-io/date-fns-jalali": "^2.16.0",
        "@date-io/dayjs": "^2.16.0",
        "@date-io/hijri": "^2.16.1",
        "@date-io/jalaali": "^2.16.1",
        "@date-io/luxon": "^2.16.1",
        "@date-io/moment": "^2.16.1",
        "@mui/utils": "^5.11.13",
        "@types/react-transition-group": "^4.4.5",
        "clsx": "^1.2.1",
        "prop-types": "^15.8.1",
        "react-transition-group": "^4.4.5"
      },
      "engines": {
        "node": ">=14.0.0"
      },
      "funding": {
        "type": "opencollective",
        "url": "https://opencollective.com/mui"
      },
      "peerDependencies": {
        "@emotion/react": "^11.9.0",
        "@emotion/styled": "^11.8.1",
        "@mui/material": "^5.4.1",
        "@mui/system": "^5.4.1",
        "date-fns": "^2.25.0",
        "date-fns-jalali": "^2.13.0-0",
        "dayjs": "^1.10.7",
        "luxon": "^3.0.2",
        "moment": "^2.29.4",
        "moment-hijri": "^2.1.2",
        "moment-jalaali": "^0.7.4 || ^0.8.0 || ^0.9.0",
        "react": "^17.0.2 || ^18.0.0",
        "react-dom": "^17.0.2 || ^18.0.0"
      },
      "peerDependenciesMeta": {
        "@emotion/react": {
          "optional": true
        },
        "@emotion/styled": {
          "optional": true
        },
        "date-fns": {
          "optional": true
        },
        "date-fns-jalali": {
          "optional": true
        },
        "dayjs": {
          "optional": true
        },
        "luxon": {
          "optional": true
        },
        "moment": {
          "optional": true
        },
        "moment-hijri": {
          "optional": true
        },
        "moment-jalaali": {
          "optional": true
        }
      }
    },
    "node_modules/@types/prop-types": {
      "version": "15.7.5",
      "resolved": "https://registry.npmjs.org/@types/prop-types/-/prop-types-15.7.5.tgz",
      "integrity": "sha512-JCB8C6SnDoQf0cNycqd/35A7MjcnK+ZTqE7judS6o7utxUCg6imJg3QK2qzHKszlTjcj2cn+NwMB2i96ubpj7w=="
    },
    "node_modules/@types/react": {
      "version": "18.0.29",
      "resolved": "https://registry.npmjs.org/@types/react/-/react-18.0.29.tgz",
      "integrity": "sha512-wXHktgUABxplw1+UnljseDq4+uztQyp2tlWZRIxHlpchsCFqiYkvaDS8JR7eKOQm8wziTH/el5qL7D6gYNkYcw==",
      "dependencies": {
        "@types/prop-types": "*",
        "@types/scheduler": "*",
        "csstype": "^3.0.2"
      }
    },
    "node_modules/@types/react-is": {
      "version": "17.0.3",
      "resolved": "https://registry.npmjs.org/@types/react-is/-/react-is-17.0.3.tgz",
      "integrity": "sha512-aBTIWg1emtu95bLTLx0cpkxwGW3ueZv71nE2YFBpL8k/z5czEW8yYpOo8Dp+UUAFAtKwNaOsh/ioSeQnWlZcfw==",
      "dependencies": {
        "@types/react": "*"
      }
    },
    "node_modules/@types/react-transition-group": {
      "version": "4.4.5",
      "resolved": "https://registry.npmjs.org/@types/react-transition-group/-/react-transition-group-4.4.5.tgz",
      "integrity": "sha512-juKD/eiSM3/xZYzjuzH6ZwpP+/lejltmiS3QEzV/vmb/Q8+HfDmxu+Baga8UEMGBqV88Nbg4l2hY/K2DkyaLLA==",
      "dependencies": {
        "@types/react": "*"
      }
    },
    "node_modules/@types/scheduler": {
      "version": "0.16.3",
      "resolved": "https://registry.npmjs.org/@types/scheduler/-/scheduler-0.16.3.tgz",
      "integrity": "sha512-5cJ8CB4yAx7BH1oMvdU0Jh9lrEXyPkar6F9G/ERswkCuvP4KQZfZkSjcMbAICCpQTN4OuZn8tz0HiKv9TGZgrQ=="
    },
    "node_modules/chance": {
      "version": "1.1.11",
      "resolved": "https://registry.npmjs.org/chance/-/chance-1.1.11.tgz",
      "integrity": "sha512-kqTg3WWywappJPqtgrdvbA380VoXO2eu9VCV895JgbyHsaErXdyHK9LOZ911OvAk6L0obK7kDk9CGs8+oBawVA=="
    },
    "node_modules/clsx": {
      "version": "1.2.1",
      "resolved": "https://registry.npmjs.org/clsx/-/clsx-1.2.1.tgz",
      "integrity": "sha512-EcR6r5a8bj6pu3ycsa/E/cKVGuTgZJZdsyUYHOksG/UHIiKfjxzRxYJpyVBwYaQeOvghal9fcc4PidlgzugAQg==",
      "engines": {
        "node": ">=6"
      }
    },
    "node_modules/csstype": {
      "version": "3.1.1",
      "resolved": "https://registry.npmjs.org/csstype/-/csstype-3.1.1.tgz",
      "integrity": "sha512-DJR/VvkAvSZW9bTouZue2sSxDwdTN92uHjqeKVm+0dAqdfNykRzQ95tay8aXMBAAPpUiq4Qcug2L7neoRh2Egw=="
    },
    "node_modules/dom-helpers": {
      "version": "5.2.1",
      "resolved": "https://registry.npmjs.org/dom-helpers/-/dom-helpers-5.2.1.tgz",
      "integrity": "sha512-nRCa7CK3VTrM2NmGkIy4cbK7IZlgBE/PYMn55rrXefr5xXDP0LdtfPnblFDoVdcAfslJ7or6iqAUnx0CCGIWQA==",
      "dependencies": {
        "@babel/runtime": "^7.8.7",
        "csstype": "^3.0.2"
      }
    },
    "node_modules/js-tokens": {
      "version": "4.0.0",
      "resolved": "https://registry.npmjs.org/js-tokens/-/js-tokens-4.0.0.tgz",
      "integrity": "sha512-RdJUflcE3cUzKiMqQgsCu06FPu9UdIJO0beYbPhHN4k6apgJtifcoCtT9bcxOpYBtpD2kCM6Sbzg4CausW/PKQ=="
    },
    "node_modules/jwt-decode": {
      "version": "3.1.2",
      "resolved": "https://registry.npmjs.org/jwt-decode/-/jwt-decode-3.1.2.tgz",
      "integrity": "sha512-UfpWE/VZn0iP50d8cz9NrZLM9lSWhcJ+0Gt/nm4by88UL+J1SiKN8/5dkjMmbEzwL2CAe+67GsegCbIKtbp75A=="
    },
    "node_modules/loose-envify": {
      "version": "1.4.0",
      "resolved": "https://registry.npmjs.org/loose-envify/-/loose-envify-1.4.0.tgz",
      "integrity": "sha512-lyuxPGr/Wfhrlem2CL/UcnUc1zcqKAImBDzukY7Y5F/yQiNdko6+fRLevlw1HgMySw7f611UIY408EtxRSoK3Q==",
      "dependencies": {
        "js-tokens": "^3.0.0 || ^4.0.0"
      },
      "bin": {
        "loose-envify": "cli.js"
      }
    },
    "node_modules/object-assign": {
      "version": "4.1.1",
      "resolved": "https://registry.npmjs.org/object-assign/-/object-assign-4.1.1.tgz",
      "integrity": "sha512-rJgTQnkUnH1sFw8yT6VSU3zD3sWmu6sZhIseY8VX+GRu3P6F7Fu+JNDoXfklElbLJSnc3FUQHVe4cU5hj+BcUg==",
      "engines": {
        "node": ">=0.10.0"
      }
    },
    "node_modules/prop-types": {
      "version": "15.8.1",
      "resolved": "https://registry.npmjs.org/prop-types/-/prop-types-15.8.1.tgz",
      "integrity": "sha512-oj87CgZICdulUohogVAR7AjlC0327U4el4L6eAvOqCeudMDVU0NThNaV+b9Df4dXgSP1gXMTnPdhfe/2qDH5cg==",
      "dependencies": {
        "loose-envify": "^1.4.0",
        "object-assign": "^4.1.1",
        "react-is": "^16.13.1"
      }
    },
    "node_modules/react-is": {
      "version": "16.13.1",
      "resolved": "https://registry.npmjs.org/react-is/-/react-is-16.13.1.tgz",
      "integrity": "sha512-24e6ynE2H+OKt4kqsOvNd8kBpV65zoxbA4BVsEOB3ARVWQki/DHzaUoC5KuON/BiccDaCCTZBuOcfZs70kR8bQ=="
    },
    "node_modules/react-transition-group": {
      "version": "4.4.5",
      "resolved": "https://registry.npmjs.org/react-transition-group/-/react-transition-group-4.4.5.tgz",
      "integrity": "sha512-pZcd1MCJoiKiBR2NRxeCRg13uCXbydPnmB4EOeRrY7480qNWO8IIgQG6zlDkm6uRMsURXPuKq0GWtiM59a5Q6g==",
      "dependencies": {
        "@babel/runtime": "^7.5.5",
        "dom-helpers": "^5.0.1",
        "loose-envify": "^1.4.0",
        "prop-types": "^15.6.2"
      },
      "peerDependencies": {
        "react": ">=16.6.0",
        "react-dom": ">=16.6.0"
      }
    },
    "node_modules/regenerator-runtime": {
      "version": "0.13.11",
      "resolved": "https://registry.npmjs.org/regenerator-runtime/-/regenerator-runtime-0.13.11.tgz",
      "integrity": "sha512-kY1AZVr2Ra+t+piVaJ4gxaFaReZVH40AKNo7UCX6W+dEwBo/2oZJzqfuN1qLq1oL45o56cPaTXELwrTh8Fpggg=="
    }
  },
  "dependencies": {
    "@babel/runtime": {
      "version": "7.21.0",
      "resolved": "https://registry.npmjs.org/@babel/runtime/-/runtime-7.21.0.tgz",
      "integrity": "sha512-xwII0//EObnq89Ji5AKYQaRYiW/nZ3llSv29d49IuxPhKbtJoLP+9QUUZ4nVragQVtaVGeZrpB+ZtG/Pdy/POw==",
      "requires": {
        "regenerator-runtime": "^0.13.11"
      }
    },
    "@date-io/core": {
      "version": "2.16.0",
      "resolved": "https://registry.npmjs.org/@date-io/core/-/core-2.16.0.tgz",
      "integrity": "sha512-DYmSzkr+jToahwWrsiRA2/pzMEtz9Bq1euJwoOuYwuwIYXnZFtHajY2E6a1VNVDc9jP8YUXK1BvnZH9mmT19Zg=="
    },
    "@date-io/date-fns": {
      "version": "2.16.0",
      "resolved": "https://registry.npmjs.org/@date-io/date-fns/-/date-fns-2.16.0.tgz",
      "integrity": "sha512-bfm5FJjucqlrnQcXDVU5RD+nlGmL3iWgkHTq3uAZWVIuBu6dDmGa3m8a6zo2VQQpu8ambq9H22UyUpn7590joA==",
      "requires": {
        "@date-io/core": "^2.16.0"
      }
    },
    "@date-io/date-fns-jalali": {
      "version": "2.16.0",
      "resolved": "https://registry.npmjs.org/@date-io/date-fns-jalali/-/date-fns-jalali-2.16.0.tgz",
      "integrity": "sha512-MNVvGYwRiBydbvY7gvZM14W2kosIG29G1Ekw5qmYWOXkIIFngh6ZvV7/uVGDCW+gqlIeSz/XitZXA9n8RO0tJw==",
      "requires": {
        "@date-io/core": "^2.16.0"
      }
    },
    "@date-io/dayjs": {
      "version": "2.16.0",
      "resolved": "https://registry.npmjs.org/@date-io/dayjs/-/dayjs-2.16.0.tgz",
      "integrity": "sha512-y5qKyX2j/HG3zMvIxTobYZRGnd1FUW2olZLS0vTj7bEkBQkjd2RO7/FEwDY03Z1geVGlXKnzIATEVBVaGzV4Iw==",
      "requires": {
        "@date-io/core": "^2.16.0"
      }
    },
    "@date-io/hijri": {
      "version": "2.16.1",
      "resolved": "https://registry.npmjs.org/@date-io/hijri/-/hijri-2.16.1.tgz",
      "integrity": "sha512-6BxY0mtnqj5cBiXluRs3uWN0mSJwGw0AB2ZxqtEHvBFoiSYEojW51AETnfPIWpdvDsBn+WAC7QrfBvQZnoyIkQ==",
      "requires": {
        "@date-io/moment": "^2.16.1"
      }
    },
    "@date-io/jalaali": {
      "version": "2.16.1",
      "resolved": "https://registry.npmjs.org/@date-io/jalaali/-/jalaali-2.16.1.tgz",
      "integrity": "sha512-GLw87G/WJ1DNrQHW8p/LqkqAqTUSqBSRin0H1pRPwCccB5Fh7GT64sadjzEvjW56lPJ0aq2vp5yI2eIjZajfrw==",
      "requires": {
        "@date-io/moment": "^2.16.1"
      }
    },
    "@date-io/luxon": {
      "version": "2.16.1",
      "resolved": "https://registry.npmjs.org/@date-io/luxon/-/luxon-2.16.1.tgz",
      "integrity": "sha512-aeYp5K9PSHV28946pC+9UKUi/xMMYoaGelrpDibZSgHu2VWHXrr7zWLEr+pMPThSs5vt8Ei365PO+84pCm37WQ==",
      "requires": {
        "@date-io/core": "^2.16.0"
      }
    },
    "@date-io/moment": {
      "version": "2.16.1",
      "resolved": "https://registry.npmjs.org/@date-io/moment/-/moment-2.16.1.tgz",
      "integrity": "sha512-JkxldQxUqZBfZtsaCcCMkm/dmytdyq5pS1RxshCQ4fHhsvP5A7gSqPD22QbVXMcJydi3d3v1Y8BQdUKEuGACZQ==",
      "requires": {
        "@date-io/core": "^2.16.0"
      }
    },
    "@mui/utils": {
      "version": "5.11.13",
      "resolved": "https://registry.npmjs.org/@mui/utils/-/utils-5.11.13.tgz",
      "integrity": "sha512-5ltA58MM9euOuUcnvwFJqpLdEugc9XFsRR8Gt4zZNb31XzMfSKJPR4eumulyhsOTK1rWf7K4D63NKFPfX0AxqA==",
      "requires": {
        "@babel/runtime": "^7.21.0",
        "@types/prop-types": "^15.7.5",
        "@types/react-is": "^16.7.1 || ^17.0.0",
        "prop-types": "^15.8.1",
        "react-is": "^18.2.0"
      },
      "dependencies": {
        "react-is": {
          "version": "18.2.0",
          "resolved": "https://registry.npmjs.org/react-is/-/react-is-18.2.0.tgz",
          "integrity": "sha512-xWGDIW6x921xtzPkhiULtthJHoJvBbF3q26fzloPCK0hsvxtPVelvftw3zjbHWSkR2km9Z+4uxbDDK/6Zw9B8w=="
        }
      }
    },
    "@mui/x-date-pickers": {
      "version": "6.0.3",
      "resolved": "https://registry.npmjs.org/@mui/x-date-pickers/-/x-date-pickers-6.0.3.tgz",
      "integrity": "sha512-TgKfWf47WiNzSAY3C8R+FQ2grtVveoS3WCtLf6E1I/O2adxruxXA+AFiIRVnfv8QX9QFLNayTKoaVUISg/PcXQ==",
      "requires": {
        "@babel/runtime": "^7.21.0",
        "@date-io/core": "^2.16.0",
        "@date-io/date-fns": "^2.16.0",
        "@date-io/date-fns-jalali": "^2.16.0",
        "@date-io/dayjs": "^2.16.0",
        "@date-io/hijri": "^2.16.1",
        "@date-io/jalaali": "^2.16.1",
        "@date-io/luxon": "^2.16.1",
        "@date-io/moment": "^2.16.1",
        "@mui/utils": "^5.11.13",
        "@types/react-transition-group": "^4.4.5",
        "clsx": "^1.2.1",
        "prop-types": "^15.8.1",
        "react-transition-group": "^4.4.5"
      }
    },
    "@types/prop-types": {
      "version": "15.7.5",
      "resolved": "https://registry.npmjs.org/@types/prop-types/-/prop-types-15.7.5.tgz",
      "integrity": "sha512-JCB8C6SnDoQf0cNycqd/35A7MjcnK+ZTqE7judS6o7utxUCg6imJg3QK2qzHKszlTjcj2cn+NwMB2i96ubpj7w=="
    },
    "@types/react": {
      "version": "18.0.29",
      "resolved": "https://registry.npmjs.org/@types/react/-/react-18.0.29.tgz",
      "integrity": "sha512-wXHktgUABxplw1+UnljseDq4+uztQyp2tlWZRIxHlpchsCFqiYkvaDS8JR7eKOQm8wziTH/el5qL7D6gYNkYcw==",
      "requires": {
        "@types/prop-types": "*",
        "@types/scheduler": "*",
        "csstype": "^3.0.2"
      }
    },
    "@types/react-is": {
      "version": "17.0.3",
      "resolved": "https://registry.npmjs.org/@types/react-is/-/react-is-17.0.3.tgz",
      "integrity": "sha512-aBTIWg1emtu95bLTLx0cpkxwGW3ueZv71nE2YFBpL8k/z5czEW8yYpOo8Dp+UUAFAtKwNaOsh/ioSeQnWlZcfw==",
      "requires": {
        "@types/react": "*"
      }
    },
    "@types/react-transition-group": {
      "version": "4.4.5",
      "resolved": "https://registry.npmjs.org/@types/react-transition-group/-/react-transition-group-4.4.5.tgz",
      "integrity": "sha512-juKD/eiSM3/xZYzjuzH6ZwpP+/lejltmiS3QEzV/vmb/Q8+HfDmxu+Baga8UEMGBqV88Nbg4l2hY/K2DkyaLLA==",
      "requires": {
        "@types/react": "*"
      }
    },
    "@types/scheduler": {
      "version": "0.16.3",
      "resolved": "https://registry.npmjs.org/@types/scheduler/-/scheduler-0.16.3.tgz",
      "integrity": "sha512-5cJ8CB4yAx7BH1oMvdU0Jh9lrEXyPkar6F9G/ERswkCuvP4KQZfZkSjcMbAICCpQTN4OuZn8tz0HiKv9TGZgrQ=="
    },
    "chance": {
      "version": "1.1.11",
      "resolved": "https://registry.npmjs.org/chance/-/chance-1.1.11.tgz",
      "integrity": "sha512-kqTg3WWywappJPqtgrdvbA380VoXO2eu9VCV895JgbyHsaErXdyHK9LOZ911OvAk6L0obK7kDk9CGs8+oBawVA=="
    },
    "clsx": {
      "version": "1.2.1",
      "resolved": "https://registry.npmjs.org/clsx/-/clsx-1.2.1.tgz",
      "integrity": "sha512-EcR6r5a8bj6pu3ycsa/E/cKVGuTgZJZdsyUYHOksG/UHIiKfjxzRxYJpyVBwYaQeOvghal9fcc4PidlgzugAQg=="
    },
    "csstype": {
      "version": "3.1.1",
      "resolved": "https://registry.npmjs.org/csstype/-/csstype-3.1.1.tgz",
      "integrity": "sha512-DJR/VvkAvSZW9bTouZue2sSxDwdTN92uHjqeKVm+0dAqdfNykRzQ95tay8aXMBAAPpUiq4Qcug2L7neoRh2Egw=="
    },
    "dom-helpers": {
      "version": "5.2.1",
      "resolved": "https://registry.npmjs.org/dom-helpers/-/dom-helpers-5.2.1.tgz",
      "integrity": "sha512-nRCa7CK3VTrM2NmGkIy4cbK7IZlgBE/PYMn55rrXefr5xXDP0LdtfPnblFDoVdcAfslJ7or6iqAUnx0CCGIWQA==",
      "requires": {
        "@babel/runtime": "^7.8.7",
        "csstype": "^3.0.2"
      }
    },
    "js-tokens": {
      "version": "4.0.0",
      "resolved": "https://registry.npmjs.org/js-tokens/-/js-tokens-4.0.0.tgz",
      "integrity": "sha512-RdJUflcE3cUzKiMqQgsCu06FPu9UdIJO0beYbPhHN4k6apgJtifcoCtT9bcxOpYBtpD2kCM6Sbzg4CausW/PKQ=="
    },
    "jwt-decode": {
      "version": "3.1.2",
      "resolved": "https://registry.npmjs.org/jwt-decode/-/jwt-decode-3.1.2.tgz",
      "integrity": "sha512-UfpWE/VZn0iP50d8cz9NrZLM9lSWhcJ+0Gt/nm4by88UL+J1SiKN8/5dkjMmbEzwL2CAe+67GsegCbIKtbp75A=="
    },
    "loose-envify": {
      "version": "1.4.0",
      "resolved": "https://registry.npmjs.org/loose-envify/-/loose-envify-1.4.0.tgz",
      "integrity": "sha512-lyuxPGr/Wfhrlem2CL/UcnUc1zcqKAImBDzukY7Y5F/yQiNdko6+fRLevlw1HgMySw7f611UIY408EtxRSoK3Q==",
      "requires": {
        "js-tokens": "^3.0.0 || ^4.0.0"
      }
    },
    "object-assign": {
      "version": "4.1.1",
      "resolved": "https://registry.npmjs.org/object-assign/-/object-assign-4.1.1.tgz",
      "integrity": "sha512-rJgTQnkUnH1sFw8yT6VSU3zD3sWmu6sZhIseY8VX+GRu3P6F7Fu+JNDoXfklElbLJSnc3FUQHVe4cU5hj+BcUg=="
    },
    "prop-types": {
      "version": "15.8.1",
      "resolved": "https://registry.npmjs.org/prop-types/-/prop-types-15.8.1.tgz",
      "integrity": "sha512-oj87CgZICdulUohogVAR7AjlC0327U4el4L6eAvOqCeudMDVU0NThNaV+b9Df4dXgSP1gXMTnPdhfe/2qDH5cg==",
      "requires": {
        "loose-envify": "^1.4.0",
        "object-assign": "^4.1.1",
        "react-is": "^16.13.1"
      }
    },
    "react-is": {
      "version": "16.13.1",
      "resolved": "https://registry.npmjs.org/react-is/-/react-is-16.13.1.tgz",
      "integrity": "sha512-24e6ynE2H+OKt4kqsOvNd8kBpV65zoxbA4BVsEOB3ARVWQki/DHzaUoC5KuON/BiccDaCCTZBuOcfZs70kR8bQ=="
    },
    "react-transition-group": {
      "version": "4.4.5",
      "resolved": "https://registry.npmjs.org/react-transition-group/-/react-transition-group-4.4.5.tgz",
      "integrity": "sha512-pZcd1MCJoiKiBR2NRxeCRg13uCXbydPnmB4EOeRrY7480qNWO8IIgQG6zlDkm6uRMsURXPuKq0GWtiM59a5Q6g==",
      "requires": {
        "@babel/runtime": "^7.5.5",
        "dom-helpers": "^5.0.1",
        "loose-envify": "^1.4.0",
        "prop-types": "^15.6.2"
      }
    },
    "regenerator-runtime": {
      "version": "0.13.11",
      "resolved": "https://registry.npmjs.org/regenerator-runtime/-/regenerator-runtime-0.13.11.tgz",
      "integrity": "sha512-kY1AZVr2Ra+t+piVaJ4gxaFaReZVH40AKNo7UCX6W+dEwBo/2oZJzqfuN1qLq1oL45o56cPaTXELwrTh8Fpggg=="
    }
  }
}
